
Microsoft Visual Studio Solution File, Format Version 12.00
# Visual Studio Version 17
VisualStudioVersion = 17.10.34916.146
MinimumVisualStudioVersion = 10.0.40219.1
Project("{9A19103F-16F7-4668-BE54-9A1E7A4F7556}") = "WpfTemplate", "WpfTemplate\WpfTemplate.csproj", "{70784064-6A94-4954-8323-D08FB52BC087}"
EndProject
Project("{2150E333-8FDC-42A3-9474-1A3956D46DE8}") = "Solution Items", "Solution Items", "{A12BF97F-9AC3-4E67-9C66-A9E6E9F98F68}"
	ProjectSection(SolutionItems) = preProject
		WpfTemplate\.editorconfig = WpfTemplate\.editorconfig
		WpfTemplate\.gitignore = WpfTemplate\.gitignore
		WpfTemplate\Directory.Build.props = WpfTemplate\Directory.Build.props
		WpfTemplate\Directory.Packages.props = WpfTemplate\Directory.Packages.props
		WpfTemplate\README.md = WpfTemplate\README.md
	EndProjectSection
EndProject
Global
	GlobalSection(SolutionConfigurationPlatforms) = preSolution
		Debug|Any CPU = Debug|Any CPU
		Release|Any CPU = Release|Any CPU
	EndGlobalSection
	GlobalSection(ProjectConfigurationPlatforms) = postSolution
		{70784064-6A94-4954-8323-D08FB52BC087}.Debug|Any CPU.ActiveCfg = Debug|Any CPU
		{70784064-6A94-4954-8323-D08FB52BC087}.Debug|Any CPU.Build.0 = Debug|Any CPU
		{70784064-6A94-4954-8323-D08FB52BC087}.Release|Any CPU.ActiveCfg = Release|Any CPU
		{70784064-6A94-4954-8323-D08FB52BC087}.Release|Any CPU.Build.0 = Release|Any CPU
	EndGlobalSection
	GlobalSection(SolutionProperties) = preSolution
		HideSolutionNode = FALSE
	EndGlobalSection
	GlobalSection(ExtensibilityGlobals) = postSolution
		SolutionGuid = {1736A1AE-471B-471F-858F-0786C703FFE1}
	EndGlobalSection
EndGlobal
